{
    "name": "minimatch-no-dependency-details-repro",
    "version": "1.0.0",
    "lockfileVersion": 3,
    "requires": true,
    "packages": {
        "": {
            "name": "minimatch-no-dependency-details-repro",
            "version": "1.0.0",
            "dependencies": {
                "minimatch": "9.0.5"
            }
        },
        "node_modules/balanced-match": {
            "version": "1.0.2"
        },
        "node_modules/brace-expansion": {
            "version": "2.0.2",
            "resolved": "https://registry.npmjs.org/brace-expansion/-/brace-expansion-2.0.2.tgz",
            "integrity": "sha512-Jt0vHyM+jmUBqojB7E1NIYadt0vI0Qxjxd2TErW94wDz+E2LAm5vKMXXwg6ZZBTHPuUlDgQHKXvjGBdfcF1ZDQ==",
            "license": "MIT",
            "dependencies": {
                "balanced-match": "^1.0.0"
            }
        },
        "node_modules/minimatch": {
            "version": "9.0.5",
            "dependencies": {
                "brace-expansion": "^2.0.1"
            }
        }
    }
}
