{
    "name": "minimatch-no-dependency-details-repro",
    "version": "1.0.0",
    "lockfileVersion": 3,
    "requires": true,
    "packages": {
        "": {
            "name": "minimatch-no-dependency-details-repro",
            "version": "1.0.0",
            "dependencies": {
                "minimatch": "9.0.7"
            }
        },
        "node_modules/balanced-match": {
            "version": "4.0.4",
            "resolved": "https://registry.npmjs.org/balanced-match/-/balanced-match-4.0.4.tgz",
            "integrity": "sha512-BLrgEcRTwX2o6gGxGOCNyMvGSp35YofuYzw9h1IMTRmKqttAZZVU67bdb9Pr2vUHA8+j3i2tJfjO6C6+4myGTA==",
            "license": "MIT",
            "engines": {
                "node": "18 || 20 || >=22"
            }
        },
        "node_modules/brace-expansion": {
            "version": "2.0.2",
            "resolved": "https://registry.npmjs.org/brace-expansion/-/brace-expansion-2.0.2.tgz",
            "integrity": "sha512-Jt0vHyM+jmUBqojB7E1NIYadt0vI0Qxjxd2TErW94wDz+E2LAm5vKMXXwg6ZZBTHPuUlDgQHKXvjGBdfcF1ZDQ==",
            "license": "MIT",
            "dependencies": {
                "balanced-match": "^4.0.2"
            },
            "engines": {
                "node": "18 || 20 || >=22"
            }
        },
        "node_modules/minimatch": {
            "version": "9.0.7",
            "resolved": "https://registry.npmjs.org/minimatch/-/minimatch-9.0.7.tgz",
            "integrity": "sha512-MOwgjc8tfrpn5QQEvjijjmDVtMw2oL88ugTevzxQnzRLm6l3fVEF2gzU0kYeYYKD8C66+IdGX6peJ4MyUlUnPg==",
            "license": "ISC",
            "dependencies": {
                "brace-expansion": "^5.0.2"
            },
            "engines": {
                "node": ">=16 || 14 >=14.17"
            },
            "funding": {
                "url": "https://github.com/sponsors/isaacs"
            }
        }
    }
}
