{
"name": "minimatch-no-dependency-details-repro",
"version": "1.0.0",
"lockfileVersion": 3,
"requires": true,
"packages": {
"": {
"name": "minimatch-no-dependency-details-repro",
"version": "1.0.0",
"dependencies": {
"minimatch": "9.0.5"
}
},
"node_modules/balanced-match": {
"version": "1.0.2",
"resolved": "https://registry.npmjs.org/balanced-match/-/balanced-match-1.0.2.tgz",
"integrity": "sha512-3oSeU7LwQx8R8B8W8M7fJQ6p2mV1fQ9l6N9f8V0h5gq7Yt7Qm4E1zJ2V9f5m8H6P3f2d8lY6h0Q2kQ=="
},
"node_modules/brace-expansion": {
"version": "2.0.1",
"resolved": "https://registry.npmjs.org/brace-expansion/-/brace-expansion-2.0.1.tgz",
"integrity": "sha512-Xd7D4yN0M8e4sP0Q4f6V8kN5d1wH3p7qR2sT9uY1zA3bC5dE7fG9hJ1kL3mN5pQ7rS9tU1vW3xY5zA==",
"dependencies": {
"balanced-match": "^1.0.0"
}
},
"node_modules/minimatch": {
"version": "9.0.5",
"resolved": "https://registry.npmjs.org/minimatch/-/minimatch-9.0.5.tgz",
"integrity": "sha512-KqzxT9wLz1mQ2nV4pX6rS8uD0fG2hJ4kL6mN8pQ0rT2vW4xY6zA8bC0dE2fG4hJ6kL8mN0pQ2rT4vW==",
"dependencies": {
"brace-expansion": "^2.0.1"
},
"engines": {
"node": ">=16 || 14 >=14.17"
}
}
}
}